
Microsoft Visual Studio Solution File, Format Version 12.00
# Visual Studio Version 17
VisualStudioVersion = 17.0.32112.339
MinimumVisualStudioVersion = 10.0.40219.1
Project("{FAE04EC0-301F-11D3-BF4B-00C04F79EFBC}") = "gamespot2.1", "gamespot2.1\gamespot2.1.csproj", "{69CDDDD9-4F16-4141-96AF-3BB0E7CAB1B7}"
EndProject
Global
	GlobalSection(SolutionConfigurationPlatforms) = preSolution
		Debug|Any CPU = Debug|Any CPU
		Release|Any CPU = Release|Any CPU
	EndGlobalSection
	GlobalSection(ProjectConfigurationPlatforms) = postSolution
		{69CDDDD9-4F16-4141-96AF-3BB0E7CAB1B7}.Debug|Any CPU.ActiveCfg = Debug|Any CPU
		{69CDDDD9-4F16-4141-96AF-3BB0E7CAB1B7}.Debug|Any CPU.Build.0 = Debug|Any CPU
		{69CDDDD9-4F16-4141-96AF-3BB0E7CAB1B7}.Release|Any CPU.ActiveCfg = Release|Any CPU
		{69CDDDD9-4F16-4141-96AF-3BB0E7CAB1B7}.Release|Any CPU.Build.0 = Release|Any CPU
	EndGlobalSection
	GlobalSection(SolutionProperties) = preSolution
		HideSolutionNode = FALSE
	EndGlobalSection
	GlobalSection(ExtensibilityGlobals) = postSolution
		SolutionGuid = {855352D9-7C49-4831-8835-6B094B43DD85}
	EndGlobalSection
EndGlobal
